// !$*UTF8*$!
{
	archiveVersion = 1;
	classes = {
	};
	objectVersion = 46;
	objects = {

/* Begin PBXBuildFile section */
		ED80A12C1C1585710025FF86 /* AppDelegate.swift in Sources */ = {isa = PBXBuildFile; fileRef = ED80A12B1C1585710025FF86 /* AppDelegate.swift */; };
		ED80A12E1C1585710025FF86 /* ViewController.swift in Sources */ = {isa = PBXBuildFile; fileRef = ED80A12D1C1585710025FF86 /* ViewController.swift */; };
		ED80A1311C1585710025FF86 /* Main.storyboard in Resources */ = {isa = PBXBuildFile; fileRef = ED80A12F1C1585710025FF86 /* Main.storyboard */; };
		ED80A1331C1585710025FF86 /* Assets.xcassets in Resources */ = {isa = PBXBuildFile; fileRef = ED80A1321C1585710025FF86 /* Assets.xcassets */; };
		ED80A1361C1585710025FF86 /* LaunchScreen.storyboard in Resources */ = {isa = PBXBuildFile; fileRef = ED80A1341C1585710025FF86 /* LaunchScreen.storyboard */; };
/* End PBXBuildFile section */

/* Begin PBXFileReference section */
		ED80A1281C1585710025FF86 /* buddybuildTest.app */ = {isa = PBXFileReference; explicitFileType = wrapper.application; includeInIndex = 0; path = buddybuildTest.app; sourceTree = BUILT_PRODUCTS_DIR; };
		ED80A12B1C1585710025FF86 /* AppDelegate.swift */ = {isa = PBXFileReference; lastKnownFileType = sourcecode.swift; path = AppDelegate.swift; sourceTree = "<group>"; };
		ED80A12D1C1585710025FF86 /* ViewController.swift */ = {isa = PBXFileReference; lastKnownFileType = sourcecode.swift; path = ViewController.swift; sourceTree = "<group>"; };
		ED80A1301C1585710025FF86 /* Base */ = {isa = PBXFileReference; lastKnownFileType = file.storyboard; name = Base; path = Base.lproj/Main.storyboard; sourceTree = "<group>"; };
		ED80A1321C1585710025FF86 /* Assets.xcassets */ = {isa = PBXFileReference; lastKnownFileType = folder.assetcatalog; path = Assets.xcassets; sourceTree = "<group>"; };
		ED80A1351C1585710025FF86 /* Base */ = {isa = PBXFileReference; lastKnownFileType = file.storyboard; name = Base; path = Base.lproj/LaunchScreen.storyboard; sourceTree = "<group>"; };
		ED80A1371C1585710025FF86 /* Info.plist */ = {isa = PBXFileReference; lastKnownFileType = text.plist.xml; path = Info.plist; sourceTree = "<group>"; };
/* End PBXFileReference section */

/* Begin PBXFrameworksBuildPhase section */
		ED80A1251C1585710025FF86 /* Frameworks */ = {
			isa = PBXFrameworksBuildPhase;
			buildActionMask = 2147483647;
			files = (
			);
			runOnlyForDeploymentPostprocessing = 0;
		};
/* End PBXFrameworksBuildPhase section */

/* Begin PBXGroup section */
		ED80A11F1C1585710025FF86 = {
			isa = PBXGroup;
			children = (
				ED80A12A1C1585710025FF86 /* buddybuildTest */,
				ED80A1291C1585710025FF86 /* Products */,
			);
			sourceTree = "<group>";
		};
		ED80A1291C1585710025FF86 /* Products */ = {
			isa = PBXGroup;
			children = (
				ED80A1281C1585710025FF86 /* buddybuildTest.app */,
			);
			name = Products;
			sourceTree = "<group>";
		};
		ED80A12A1C1585710025FF86 /* buddybuildTest */ = {
			isa = PBXGroup;
			children = (
				ED80A12B1C1585710025FF86 /* AppDelegate.swift */,
				ED80A12D1C1585710025FF86 /* ViewController.swift */,
				ED80A12F1C1585710025FF86 /* Main.storyboard */,
				ED80A1321C1585710025FF86 /* Assets.xcassets */,
				ED80A1341C1585710025FF86 /* LaunchScreen.storyboard */,
				ED80A1371C1585710025FF86 /* Info.plist */,
			);
			path = buddybuildTest;
			sourceTree = "<group>";
		};
/* End PBXGroup section */

/* Begin PBXNativeTarget section */
		ED80A1271C1585710025FF86 /* buddybuildTest */ = {
			isa = PBXNativeTarget;
			buildConfigurationList = ED80A13A1C1585710025FF86 /* Build configuration list for PBXNativeTarget "buddybuildTest" */;
			buildPhases = (
				ED80A1241C1585710025FF86 /* Sources */,
				ED80A1251C1585710025FF86 /* Frameworks */,
				ED80A1261C1585710025FF86 /* Resources */,
			);
			buildRules = (
			);
			dependencies = (
			);
			name = buddybuildTest;
			productName = buddybuildTest;
			productReference = ED80A1281C1585710025FF86 /* buddybuildTest.app */;
			productType = "com.apple.product-type.application";
		};
/* End PBXNativeTarget section */

/* Begin PBXProject section */
		ED80A1201C1585710025FF86 /* Project object */ = {
			isa = PBXProject;
			attributes = {
				LastSwiftUpdateCheck = 0710;
				LastUpgradeCheck = 0710;
				ORGANIZATIONNAME = henteko;
				TargetAttributes = {
					ED80A1271C1585710025FF86 = {
						CreatedOnToolsVersion = 7.1.1;
					};
				};
			};
			buildConfigurationList = ED80A1231C1585710025FF86 /* Build configuration list for PBXProject "buddybuildTest" */;
			compatibilityVersion = "Xcode 3.2";
			developmentRegion = English;
			hasScannedForEncodings = 0;
			knownRegions = (
				en,
				Base,
			);
			mainGroup = ED80A11F1C1585710025FF86;
			productRefGroup = ED80A1291C1585710025FF86 /* Products */;
			projectDirPath = "";
			projectRoot = "";
			targets = (
				ED80A1271C1585710025FF86 /* buddybuildTest */,
			);
		};
/* End PBXProject section */

/* Begin PBXResourcesBuildPhase section */
		ED80A1261C1585710025FF86 /* Resources */ = {
			isa = PBXResourcesBuildPhase;
			buildActionMask = 2147483647;
			files = (
				ED80A1361C1585710025FF86 /* LaunchScreen.storyboard in Resources */,
				ED80A1331C1585710025FF86 /* Assets.xcassets in Resources */,
				ED80A1311C1585710025FF86 /* Main.storyboard in Resources */,
			);
			runOnlyForDeploymentPostprocessing = 0;
		};
/* End PBXResourcesBuildPhase section */

/* Begin PBXSourcesBuildPhase section */
		ED80A1241C1585710025FF86 /* Sources */ = {
			isa = PBXSourcesBuildPhase;
			buildActionMask = 2147483647;
			files = (
				ED80A12E1C1585710025FF86 /* ViewController.swift in Sources */,
				ED80A12C1C1585710025FF86 /* AppDelegate.swift in Sources */,
			);
			runOnlyForDeploymentPostprocessing = 0;
		};
/* End PBXSourcesBuildPhase section */

/* Begin PBXVariantGroup section */
		ED80A12F1C1585710025FF86 /* Main.storyboard */ = {
			isa = PBXVariantGroup;
			children = (
				ED80A1301C1585710025FF86 /* Base */,
			);
			name = Main.storyboard;
			sourceTree = "<group>";
		};
		ED80A1341C1585710025FF86 /* LaunchScreen.storyboard */ = {
			isa = PBXVariantGroup;
			children = (
				ED80A1351C1585710025FF86 /* Base */,
			);
			name = LaunchScreen.storyboard;
			sourceTree = "<group>";
		};
/* End PBXVariantGroup section */

/* Begin XCBuildConfiguration section */
		ED80A1381C1585710025FF86 /* Debug */ = {
			isa = XCBuildConfiguration;
			buildSettings = {
				ALWAYS_SEARCH_USER_PATHS = NO;
				CLANG_CXX_LANGUAGE_STANDARD = "gnu++0x";
				CLANG_CXX_LIBRARY = "libc++";
				CLANG_ENABLE_MODULES = YES;
				CLANG_ENABLE_OBJC_ARC = YES;
				CLANG_WARN_BOOL_CONVERSION = YES;
				CLANG_WARN_CONSTANT_CONVERSION = YES;
				CLANG_WARN_DIRECT_OBJC_ISA_USAGE = YES_ERROR;
				CLANG_WARN_EMPTY_BODY = YES;
				CLANG_WARN_ENUM_CONVERSION = YES;
				CLANG_WARN_INT_CONVERSION = YES;
				CLANG_WARN_OBJC_ROOT_CLASS = YES_ERROR;
				CLANG_WARN_UNREACHABLE_CODE = YES;
				CLANG_WARN__DUPLICATE_METHOD_MATCH = YES;
				"CODE_SIGN_IDENTITY[sdk=iphoneos*]" = "iPhone Developer";
				COPY_PHASE_STRIP = NO;
				DEBUG_INFORMATION_FORMAT = dwarf;
				ENABLE_STRICT_OBJC_MSGSEND = YES;
				ENABLE_TESTABILITY = YES;
				GCC_C_LANGUAGE_STANDARD = gnu99;
				GCC_DYNAMIC_NO_PIC = NO;
				GCC_NO_COMMON_BLOCKS = YES;
				GCC_OPTIMIZATION_LEVEL = 0;
				GCC_PREPROCESSOR_DEFINITIONS = (
					"DEBUG=1",
					"$(inherited)",
				);
				GCC_WARN_64_TO_32_BIT_CONVERSION = YES;
				GCC_WARN_ABOUT_RETURN_TYPE = YES_ERROR;
				GCC_WARN_UNDECLARED_SELECTOR = YES;
				GCC_WARN_UNINITIALIZED_AUTOS = YES_AGGRESSIVE;
				GCC_WARN_UNUSED_FUNCTION = YES;
				GCC_WARN_UNUSED_VARIABLE = YES;
				IPHONEOS_DEPLOYMENT_TARGET = 9.1;
				MTL_ENABLE_DEBUG_INFO = YES;
				ONLY_ACTIVE_ARCH = YES;
				SDKROOT = iphoneos;
				SWIFT_OPTIMIZATION_LEVEL = "-Onone";
				TARGETED_DEVICE_FAMILY = "1,2";
			};
			name = Debug;
		};
		ED80A1391C1585710025FF86 /* Release */ = {
			isa = XCBuildConfiguration;
			buildSettings = {
				ALWAYS_SEARCH_USER_PATHS = NO;
				CLANG_CXX_LANGUAGE_STANDARD = "gnu++0x";
				CLANG_CXX_LIBRARY = "libc++";
				CLANG_ENABLE_MODULES = YES;
				CLANG_ENABLE_OBJC_ARC = YES;
				CLANG_WARN_BOOL_CONVERSION = YES;
				CLANG_WARN_CONSTANT_CONVERSION = YES;
				CLANG_WARN_DIRECT_OBJC_ISA_USAGE = YES_ERROR;
				CLANG_WARN_EMPTY_BODY = YES;
				CLANG_WARN_ENUM_CONVERSION = YES;
				CLANG_WARN_INT_CONVERSION = YES;
				CLANG_WARN_OBJC_ROOT_CLASS = YES_ERROR;
				CLANG_WARN_UNREACHABLE_CODE = YES;
				CLANG_WARN__DUPLICATE_METHOD_MATCH = YES;
				"CODE_SIGN_IDENTITY[sdk=iphoneos*]" = "iPhone Developer";
				COPY_PHASE_STRIP = NO;
				DEBUG_INFORMATION_FORMAT = "dwarf-with-dsym";
				ENABLE_NS_ASSERTIONS = NO;
				ENABLE_STRICT_OBJC_MSGSEND = YES;
				GCC_C_LANGUAGE_STANDARD = gnu99;
				GCC_NO_COMMON_BLOCKS = YES;
				GCC_WARN_64_TO_32_BIT_CONVERSION = YES;
				GCC_WARN_ABOUT_RETURN_TYPE = YES_ERROR;
				GCC_WARN_UNDECLARED_SELECTOR = YES;
				GCC_WARN_UNINITIALIZED_AUTOS = YES_AGGRESSIVE;
				GCC_WARN_UNUSED_FUNCTION = YES;
				GCC_WARN_UNUSED_VARIABLE = YES;
				IPHONEOS_DEPLOYMENT_TARGET = 9.1;
				MTL_ENABLE_DEBUG_INFO = NO;
				SDKROOT = iphoneos;
				TARGETED_DEVICE_FAMILY = "1,2";
				VALIDATE_PRODUCT = YES;
			};
			name = Release;
		};
		ED80A13B1C1585710025FF86 /* Debug */ = {
			isa = XCBuildConfiguration;
			buildSettings = {
				ASSETCATALOG_COMPILER_APPICON_NAME = AppIcon;
				INFOPLIST_FILE = buddybuildTest/Info.plist;
				LD_RUNPATH_SEARCH_PATHS = "$(inherited) @executable_path/Frameworks";
				PRODUCT_BUNDLE_IDENTIFIER = com.henteko07.buddybuildTest;
				PRODUCT_NAME = "$(TARGET_NAME)";
			};
			name = Debug;
		};
		ED80A13C1C1585710025FF86 /* Release */ = {
			isa = XCBuildConfiguration;
			buildSettings = {
				ASSETCATALOG_COMPILER_APPICON_NAME = AppIcon;
				INFOPLIST_FILE = buddybuildTest/Info.plist;
				LD_RUNPATH_SEARCH_PATHS = "$(inherited) @executable_path/Frameworks";
				PRODUCT_BUNDLE_IDENTIFIER = com.henteko07.buddybuildTest;
				PRODUCT_NAME = "$(TARGET_NAME)";
			};
			name = Release;
		};
/* End XCBuildConfiguration section */

/* Begin XCConfigurationList section */
		ED80A1231C1585710025FF86 /* Build configuration list for PBXProject "buddybuildTest" */ = {
			isa = XCConfigurationList;
			buildConfigurations = (
				ED80A1381C1585710025FF86 /* Debug */,
				ED80A1391C1585710025FF86 /* Release */,
			);
			defaultConfigurationIsVisible = 0;
			defaultConfigurationName = Release;
		};
		ED80A13A1C1585710025FF86 /* Build configuration list for PBXNativeTarget "buddybuildTest" */ = {
			isa = XCConfigurationList;
			buildConfigurations = (
				ED80A13B1C1585710025FF86 /* Debug */,
				ED80A13C1C1585710025FF86 /* Release */,
			);
			defaultConfigurationIsVisible = 0;
		};
/* End XCConfigurationList section */
	};
	rootObject = ED80A1201C1585710025FF86 /* Project object */;
}
