// !$*UTF8*$!
{
	archiveVersion = 1;
	classes = {
	};
	objectVersion = 46;
	objects = {

/* Begin PBXBuildFile section */
		7B1B9A258D3175890DFD6B85 /* libPods-buddybuildTest.a in Frameworks */ = {isa = PBXBuildFile; fileRef = 5307D51BB3EB5F5FC752EE03 /* libPods-buddybuildTest.a */; };
		ED80A12C1C1585710025FF86 /* AppDelegate.swift in Sources */ = {isa = PBXBuildFile; fileRef = ED80A12B1C1585710025FF86 /* AppDelegate.swift */; };
		ED80A12E1C1585710025FF86 /* ViewController.swift in Sources */ = {isa = PBXBuildFile; fileRef = ED80A12D1C1585710025FF86 /* ViewController.swift */; };
		ED80A1311C1585710025FF86 /* Main.storyboard in Resources */ = {isa = PBXBuildFile; fileRef = ED80A12F1C1585710025FF86 /* Main.storyboard */; };
		ED80A1331C1585710025FF86 /* Assets.xcassets in Resources */ = {isa = PBXBuildFile; fileRef = ED80A1321C1585710025FF86 /* Assets.xcassets */; };
		ED80A1361C1585710025FF86 /* LaunchScreen.storyboard in Resources */ = {isa = PBXBuildFile; fileRef = ED80A1341C1585710025FF86 /* LaunchScreen.storyboard */; };
/* End PBXBuildFile section */

/* Begin PBXFileReference section */
		5307D51BB3EB5F5FC752EE03 /* libPods-buddybuildTest.a */ = {isa = PBXFileReference; explicitFileType = archive.ar; includeInIndex = 0; path = "libPods-buddybuildTest.a"; sourceTree = BUILT_PRODUCTS_DIR; };
		7637BD9E0AF978BD1FFD9A5E /* Pods-buddybuildTest.release.xcconfig */ = {isa = PBXFileReference; includeInIndex = 1; lastKnownFileType = text.xcconfig; name = "Pods-buddybuildTest.release.xcconfig"; path = "Pods/Target Support Files/Pods-buddybuildTest/Pods-buddybuildTest.release.xcconfig"; sourceTree = "<group>"; };
		B9D4294D5042E0503D3D0739 /* Pods-buddybuildTest.debug.xcconfig */ = {isa = PBXFileReference; includeInIndex = 1; lastKnownFileType = text.xcconfig; name = "Pods-buddybuildTest.debug.xcconfig"; path = "Pods/Target Support Files/Pods-buddybuildTest/Pods-buddybuildTest.debug.xcconfig"; sourceTree = "<group>"; };
		ED80A1281C1585710025FF86 /* buddybuildTest.app */ = {isa = PBXFileReference; explicitFileType = wrapper.application; includeInIndex = 0; path = buddybuildTest.app; sourceTree = BUILT_PRODUCTS_DIR; };
		ED80A12B1C1585710025FF86 /* AppDelegate.swift */ = {isa = PBXFileReference; lastKnownFileType = sourcecode.swift; path = AppDelegate.swift; sourceTree = "<group>"; };
		ED80A12D1C1585710025FF86 /* ViewController.swift */ = {isa = PBXFileReference; lastKnownFileType = sourcecode.swift; path = ViewController.swift; sourceTree = "<group>"; };
		ED80A1301C1585710025FF86 /* Base */ = {isa = PBXFileReference; lastKnownFileType = file.storyboard; name = Base; path = Base.lproj/Main.storyboard; sourceTree = "<group>"; };
		ED80A1321C1585710025FF86 /* Assets.xcassets */ = {isa = PBXFileReference; lastKnownFileType = folder.assetcatalog; path = Assets.xcassets; sourceTree = "<group>"; };
		ED80A1351C1585710025FF86 /* Base */ = {isa = PBXFileReference; lastKnownFileType = file.storyboard; name = Base; path = Base.lproj/LaunchScreen.storyboard; sourceTree = "<group>"; };
		ED80A1371C1585710025FF86 /* Info.plist */ = {isa = PBXFileReference; lastKnownFileType = text.plist.xml; path = Info.plist; sourceTree = "<group>"; };
		ED80A13D1C158AA70025FF86 /* buddybuildTest-Bridging-Header.h */ = {isa = PBXFileReference; lastKnownFileType = sourcecode.c.h; path = "buddybuildTest-Bridging-Header.h"; sourceTree = "<group>"; };
/* End PBXFileReference section */

/* Begin PBXFrameworksBuildPhase section */
		ED80A1251C1585710025FF86 /* Frameworks */ = {
			isa = PBXFrameworksBuildPhase;
			buildActionMask = 2147483647;
			files = (
				7B1B9A258D3175890DFD6B85 /* libPods-buddybuildTest.a in Frameworks */,
			);
			runOnlyForDeploymentPostprocessing = 0;
		};
/* End PBXFrameworksBuildPhase section */

/* Begin PBXGroup section */
		5F3A7DB8B7BB218BD3C5B960 /* Frameworks */ = {
			isa = PBXGroup;
			children = (
				5307D51BB3EB5F5FC752EE03 /* libPods-buddybuildTest.a */,
			);
			name = Frameworks;
			sourceTree = "<group>";
		};
		DA5DCB14B4381BEB96D526D6 /* Pods */ = {
			isa = PBXGroup;
			children = (
				B9D4294D5042E0503D3D0739 /* Pods-buddybuildTest.debug.xcconfig */,
				7637BD9E0AF978BD1FFD9A5E /* Pods-buddybuildTest.release.xcconfig */,
			);
			name = Pods;
			sourceTree = "<group>";
		};
		ED80A11F1C1585710025FF86 = {
			isa = PBXGroup;
			children = (
				ED80A12A1C1585710025FF86 /* buddybuildTest */,
				ED80A1291C1585710025FF86 /* Products */,
				DA5DCB14B4381BEB96D526D6 /* Pods */,
				5F3A7DB8B7BB218BD3C5B960 /* Frameworks */,
			);
			sourceTree = "<group>";
		};
		ED80A1291C1585710025FF86 /* Products */ = {
			isa = PBXGroup;
			children = (
				ED80A1281C1585710025FF86 /* buddybuildTest.app */,
			);
			name = Products;
			sourceTree = "<group>";
		};
		ED80A12A1C1585710025FF86 /* buddybuildTest */ = {
			isa = PBXGroup;
			children = (
				ED80A12B1C1585710025FF86 /* AppDelegate.swift */,
				ED80A12D1C1585710025FF86 /* ViewController.swift */,
				ED80A12F1C1585710025FF86 /* Main.storyboard */,
				ED80A1321C1585710025FF86 /* Assets.xcassets */,
				ED80A1341C1585710025FF86 /* LaunchScreen.storyboard */,
				ED80A1371C1585710025FF86 /* Info.plist */,
				ED80A13D1C158AA70025FF86 /* buddybuildTest-Bridging-Header.h */,
			);
			path = buddybuildTest;
			sourceTree = "<group>";
		};
/* End PBXGroup section */

/* Begin PBXNativeTarget section */
		ED80A1271C1585710025FF86 /* buddybuildTest */ = {
			isa = PBXNativeTarget;
			buildConfigurationList = ED80A13A1C1585710025FF86 /* Build configuration list for PBXNativeTarget "buddybuildTest" */;
			buildPhases = (
				0B10ECF503C4414203255EE7 /* Check Pods Manifest.lock */,
				ED80A1241C1585710025FF86 /* Sources */,
				ED80A1251C1585710025FF86 /* Frameworks */,
				ED80A1261C1585710025FF86 /* Resources */,
				D238E3EE736F8E65FCE2BB31 /* Embed Pods Frameworks */,
				E15014F3D93D9CF04ED00E66 /* Copy Pods Resources */,
			);
			buildRules = (
			);
			dependencies = (
			);
			name = buddybuildTest;
			productName = buddybuildTest;
			productReference = ED80A1281C1585710025FF86 /* buddybuildTest.app */;
			productType = "com.apple.product-type.application";
		};
/* End PBXNativeTarget section */

/* Begin PBXProject section */
		ED80A1201C1585710025FF86 /* Project object */ = {
			isa = PBXProject;
			attributes = {
				LastSwiftUpdateCheck = 0710;
				LastUpgradeCheck = 0710;
				ORGANIZATIONNAME = henteko;
				TargetAttributes = {
					ED80A1271C1585710025FF86 = {
						CreatedOnToolsVersion = 7.1.1;
					};
				};
			};
			buildConfigurationList = ED80A1231C1585710025FF86 /* Build configuration list for PBXProject "buddybuildTest" */;
			compatibilityVersion = "Xcode 3.2";
			developmentRegion = English;
			hasScannedForEncodings = 0;
			knownRegions = (
				en,
				Base,
			);
			mainGroup = ED80A11F1C1585710025FF86;
			productRefGroup = ED80A1291C1585710025FF86 /* Products */;
			projectDirPath = "";
			projectRoot = "";
			targets = (
				ED80A1271C1585710025FF86 /* buddybuildTest */,
			);
		};
/* End PBXProject section */

/* Begin PBXResourcesBuildPhase section */
		ED80A1261C1585710025FF86 /* Resources */ = {
			isa = PBXResourcesBuildPhase;
			buildActionMask = 2147483647;
			files = (
				ED80A1361C1585710025FF86 /* LaunchScreen.storyboard in Resources */,
				ED80A1331C1585710025FF86 /* Assets.xcassets in Resources */,
				ED80A1311C1585710025FF86 /* Main.storyboard in Resources */,
			);
			runOnlyForDeploymentPostprocessing = 0;
		};
/* End PBXResourcesBuildPhase section */

/* Begin PBXShellScriptBuildPhase section */
		0B10ECF503C4414203255EE7 /* Check Pods Manifest.lock */ = {
			isa = PBXShellScriptBuildPhase;
			buildActionMask = 2147483647;
			files = (
			);
			inputPaths = (
			);
			name = "Check Pods Manifest.lock";
			outputPaths = (
			);
			runOnlyForDeploymentPostprocessing = 0;
			shellPath = /bin/sh;
			shellScript = "diff \"${PODS_ROOT}/../Podfile.lock\" \"${PODS_ROOT}/Manifest.lock\" > /dev/null\nif [[ $? != 0 ]] ; then\n    cat << EOM\nerror: The sandbox is not in sync with the Podfile.lock. Run 'pod install' or update your CocoaPods installation.\nEOM\n    exit 1\nfi\n";
			showEnvVarsInLog = 0;
		};
		D238E3EE736F8E65FCE2BB31 /* Embed Pods Frameworks */ = {
			isa = PBXShellScriptBuildPhase;
			buildActionMask = 2147483647;
			files = (
			);
			inputPaths = (
			);
			name = "Embed Pods Frameworks";
			outputPaths = (
			);
			runOnlyForDeploymentPostprocessing = 0;
			shellPath = /bin/sh;
			shellScript = "\"${SRCROOT}/Pods/Target Support Files/Pods-buddybuildTest/Pods-buddybuildTest-frameworks.sh\"\n";
			showEnvVarsInLog = 0;
		};
		E15014F3D93D9CF04ED00E66 /* Copy Pods Resources */ = {
			isa = PBXShellScriptBuildPhase;
			buildActionMask = 2147483647;
			files = (
			);
			inputPaths = (
			);
			name = "Copy Pods Resources";
			outputPaths = (
			);
			runOnlyForDeploymentPostprocessing = 0;
			shellPath = /bin/sh;
			shellScript = "\"${SRCROOT}/Pods/Target Support Files/Pods-buddybuildTest/Pods-buddybuildTest-resources.sh\"\n";
			showEnvVarsInLog = 0;
		};
/* End PBXShellScriptBuildPhase section */

/* Begin PBXSourcesBuildPhase section */
		ED80A1241C1585710025FF86 /* Sources */ = {
			isa = PBXSourcesBuildPhase;
			buildActionMask = 2147483647;
			files = (
				ED80A12E1C1585710025FF86 /* ViewController.swift in Sources */,
				ED80A12C1C1585710025FF86 /* AppDelegate.swift in Sources */,
			);
			runOnlyForDeploymentPostprocessing = 0;
		};
/* End PBXSourcesBuildPhase section */

/* Begin PBXVariantGroup section */
		ED80A12F1C1585710025FF86 /* Main.storyboard */ = {
			isa = PBXVariantGroup;
			children = (
				ED80A1301C1585710025FF86 /* Base */,
			);
			name = Main.storyboard;
			sourceTree = "<group>";
		};
		ED80A1341C1585710025FF86 /* LaunchScreen.storyboard */ = {
			isa = PBXVariantGroup;
			children = (
				ED80A1351C1585710025FF86 /* Base */,
			);
			name = LaunchScreen.storyboard;
			sourceTree = "<group>";
		};
/* End PBXVariantGroup section */

/* Begin XCBuildConfiguration section */
		ED80A1381C1585710025FF86 /* Debug */ = {
			isa = XCBuildConfiguration;
			buildSettings = {
				ALWAYS_SEARCH_USER_PATHS = NO;
				CLANG_CXX_LANGUAGE_STANDARD = "gnu++0x";
				CLANG_CXX_LIBRARY = "libc++";
				CLANG_ENABLE_MODULES = YES;
				CLANG_ENABLE_OBJC_ARC = YES;
				CLANG_WARN_BOOL_CONVERSION = YES;
				CLANG_WARN_CONSTANT_CONVERSION = YES;
				CLANG_WARN_DIRECT_OBJC_ISA_USAGE = YES_ERROR;
				CLANG_WARN_EMPTY_BODY = YES;
				CLANG_WARN_ENUM_CONVERSION = YES;
				CLANG_WARN_INT_CONVERSION = YES;
				CLANG_WARN_OBJC_ROOT_CLASS = YES_ERROR;
				CLANG_WARN_UNREACHABLE_CODE = YES;
				CLANG_WARN__DUPLICATE_METHOD_MATCH = YES;
				"CODE_SIGN_IDENTITY[sdk=iphoneos*]" = "iPhone Developer";
				COPY_PHASE_STRIP = NO;
				DEBUG_INFORMATION_FORMAT = dwarf;
				ENABLE_STRICT_OBJC_MSGSEND = YES;
				ENABLE_TESTABILITY = YES;
				GCC_C_LANGUAGE_STANDARD = gnu99;
				GCC_DYNAMIC_NO_PIC = NO;
				GCC_NO_COMMON_BLOCKS = YES;
				GCC_OPTIMIZATION_LEVEL = 0;
				GCC_PREPROCESSOR_DEFINITIONS = (
					"DEBUG=1",
					"$(inherited)",
				);
				GCC_WARN_64_TO_32_BIT_CONVERSION = YES;
				GCC_WARN_ABOUT_RETURN_TYPE = YES_ERROR;
				GCC_WARN_UNDECLARED_SELECTOR = YES;
				GCC_WARN_UNINITIALIZED_AUTOS = YES_AGGRESSIVE;
				GCC_WARN_UNUSED_FUNCTION = YES;
				GCC_WARN_UNUSED_VARIABLE = YES;
				IPHONEOS_DEPLOYMENT_TARGET = 9.1;
				MTL_ENABLE_DEBUG_INFO = YES;
				ONLY_ACTIVE_ARCH = YES;
				SDKROOT = iphoneos;
				SWIFT_OPTIMIZATION_LEVEL = "-Onone";
				TARGETED_DEVICE_FAMILY = "1,2";
			};
			name = Debug;
		};
		ED80A1391C1585710025FF86 /* Release */ = {
			isa = XCBuildConfiguration;
			buildSettings = {
				ALWAYS_SEARCH_USER_PATHS = NO;
				CLANG_CXX_LANGUAGE_STANDARD = "gnu++0x";
				CLANG_CXX_LIBRARY = "libc++";
				CLANG_ENABLE_MODULES = YES;
				CLANG_ENABLE_OBJC_ARC = YES;
				CLANG_WARN_BOOL_CONVERSION = YES;
				CLANG_WARN_CONSTANT_CONVERSION = YES;
				CLANG_WARN_DIRECT_OBJC_ISA_USAGE = YES_ERROR;
				CLANG_WARN_EMPTY_BODY = YES;
				CLANG_WARN_ENUM_CONVERSION = YES;
				CLANG_WARN_INT_CONVERSION = YES;
				CLANG_WARN_OBJC_ROOT_CLASS = YES_ERROR;
				CLANG_WARN_UNREACHABLE_CODE = YES;
				CLANG_WARN__DUPLICATE_METHOD_MATCH = YES;
				"CODE_SIGN_IDENTITY[sdk=iphoneos*]" = "iPhone Developer";
				COPY_PHASE_STRIP = NO;
				DEBUG_INFORMATION_FORMAT = "dwarf-with-dsym";
				ENABLE_NS_ASSERTIONS = NO;
				ENABLE_STRICT_OBJC_MSGSEND = YES;
				GCC_C_LANGUAGE_STANDARD = gnu99;
				GCC_NO_COMMON_BLOCKS = YES;
				GCC_WARN_64_TO_32_BIT_CONVERSION = YES;
				GCC_WARN_ABOUT_RETURN_TYPE = YES_ERROR;
				GCC_WARN_UNDECLARED_SELECTOR = YES;
				GCC_WARN_UNINITIALIZED_AUTOS = YES_AGGRESSIVE;
				GCC_WARN_UNUSED_FUNCTION = YES;
				GCC_WARN_UNUSED_VARIABLE = YES;
				IPHONEOS_DEPLOYMENT_TARGET = 9.1;
				MTL_ENABLE_DEBUG_INFO = NO;
				SDKROOT = iphoneos;
				TARGETED_DEVICE_FAMILY = "1,2";
				VALIDATE_PRODUCT = YES;
			};
			name = Release;
		};
		ED80A13B1C1585710025FF86 /* Debug */ = {
			isa = XCBuildConfiguration;
			baseConfigurationReference = B9D4294D5042E0503D3D0739 /* Pods-buddybuildTest.debug.xcconfig */;
			buildSettings = {
				ASSETCATALOG_COMPILER_APPICON_NAME = AppIcon;
				CLANG_ENABLE_MODULES = YES;
				INFOPLIST_FILE = buddybuildTest/Info.plist;
				LD_RUNPATH_SEARCH_PATHS = "$(inherited) @executable_path/Frameworks";
				PRODUCT_BUNDLE_IDENTIFIER = com.henteko07.buddybuildTest;
				PRODUCT_NAME = "$(TARGET_NAME)";
				SWIFT_OBJC_BRIDGING_HEADER = "buddybuildTest/buddybuildTest-Bridging-Header.h";
				SWIFT_OPTIMIZATION_LEVEL = "-Onone";
			};
			name = Debug;
		};
		ED80A13C1C1585710025FF86 /* Release */ = {
			isa = XCBuildConfiguration;
			baseConfigurationReference = 7637BD9E0AF978BD1FFD9A5E /* Pods-buddybuildTest.release.xcconfig */;
			buildSettings = {
				ASSETCATALOG_COMPILER_APPICON_NAME = AppIcon;
				CLANG_ENABLE_MODULES = YES;
				INFOPLIST_FILE = buddybuildTest/Info.plist;
				LD_RUNPATH_SEARCH_PATHS = "$(inherited) @executable_path/Frameworks";
				PRODUCT_BUNDLE_IDENTIFIER = com.henteko07.buddybuildTest;
				PRODUCT_NAME = "$(TARGET_NAME)";
				SWIFT_OBJC_BRIDGING_HEADER = "buddybuildTest/buddybuildTest-Bridging-Header.h";
			};
			name = Release;
		};
/* End XCBuildConfiguration section */

/* Begin XCConfigurationList section */
		ED80A1231C1585710025FF86 /* Build configuration list for PBXProject "buddybuildTest" */ = {
			isa = XCConfigurationList;
			buildConfigurations = (
				ED80A1381C1585710025FF86 /* Debug */,
				ED80A1391C1585710025FF86 /* Release */,
			);
			defaultConfigurationIsVisible = 0;
			defaultConfigurationName = Release;
		};
		ED80A13A1C1585710025FF86 /* Build configuration list for PBXNativeTarget "buddybuildTest" */ = {
			isa = XCConfigurationList;
			buildConfigurations = (
				ED80A13B1C1585710025FF86 /* Debug */,
				ED80A13C1C1585710025FF86 /* Release */,
			);
			defaultConfigurationIsVisible = 0;
			defaultConfigurationName = Release;
		};
/* End XCConfigurationList section */
	};
	rootObject = ED80A1201C1585710025FF86 /* Project object */;
}
